// !$*UTF8*$!
{
	archiveVersion = 1;
	classes = {
	};
	objectVersion = 46;
	objects = {

/* Begin PBXBuildFile section */
		0337676B7C338C4718792547 /* Pods_OutLookersTests.framework in Frameworks */ = {isa = PBXBuildFile; fileRef = 81A56EEDE6452B84061E2B17 /* Pods_OutLookersTests.framework */; };
		1805C2C336DDC319476D83A7 /* Pods_OutLookers.framework in Frameworks */ = {isa = PBXBuildFile; fileRef = D50A73170F0BE2D125B6D57B /* Pods_OutLookers.framework */; };
		B8E722BE3700C5340A0AFC34 /* Pods_OutLookersUITests.framework in Frameworks */ = {isa = PBXBuildFile; fileRef = D93DD1EA83809B339E0F1C66 /* Pods_OutLookersUITests.framework */; };
		D81F44F71D118D15004D9192 /* LaunchScreen.storyboard in Resources */ = {isa = PBXBuildFile; fileRef = D81F44F41D118D15004D9192 /* LaunchScreen.storyboard */; };
		D81F44F81D118D15004D9192 /* Main.storyboard in Resources */ = {isa = PBXBuildFile; fileRef = D81F44F51D118D15004D9192 /* Main.storyboard */; };
		D81F45041D118D43004D9192 /* CGRect+EX.swift in Sources */ = {isa = PBXBuildFile; fileRef = D81F44F91D118D43004D9192 /* CGRect+EX.swift */; };
		D81F45051D118D43004D9192 /* InterfaceBuiderEX.swift in Sources */ = {isa = PBXBuildFile; fileRef = D81F44FA1D118D43004D9192 /* InterfaceBuiderEX.swift */; };
		D81F45061D118D43004D9192 /* NSString+EX.swift in Sources */ = {isa = PBXBuildFile; fileRef = D81F44FB1D118D43004D9192 /* NSString+EX.swift */; };
		D81F45071D118D43004D9192 /* Regex.swift in Sources */ = {isa = PBXBuildFile; fileRef = D81F44FC1D118D43004D9192 /* Regex.swift */; };
		D81F45081D118D43004D9192 /* String+EX.swift in Sources */ = {isa = PBXBuildFile; fileRef = D81F44FD1D118D43004D9192 /* String+EX.swift */; };
		D81F450A1D118D43004D9192 /* TimeObject.swift in Sources */ = {isa = PBXBuildFile; fileRef = D81F44FF1D118D43004D9192 /* TimeObject.swift */; };
		D81F450B1D118D43004D9192 /* UIColor+EX.swift in Sources */ = {isa = PBXBuildFile; fileRef = D81F45001D118D43004D9192 /* UIColor+EX.swift */; };
		D81F450D1D118D43004D9192 /* UIImage+EX.swift in Sources */ = {isa = PBXBuildFile; fileRef = D81F45021D118D43004D9192 /* UIImage+EX.swift */; };
		D81F450E1D118D43004D9192 /* UIView+EX.swift in Sources */ = {isa = PBXBuildFile; fileRef = D81F45031D118D43004D9192 /* UIView+EX.swift */; };
		D81F45101D118D50004D9192 /* HttpTool.swift in Sources */ = {isa = PBXBuildFile; fileRef = D81F450F1D118D50004D9192 /* HttpTool.swift */; };
		D81F45181D118D63004D9192 /* YGBaseViewController.swift in Sources */ = {isa = PBXBuildFile; fileRef = D81F45121D118D63004D9192 /* YGBaseViewController.swift */; };
		D81F45191D118D63004D9192 /* YGNavigationController.swift in Sources */ = {isa = PBXBuildFile; fileRef = D81F45131D118D63004D9192 /* YGNavigationController.swift */; };
		D81F451A1D118D63004D9192 /* YGTabbar.swift in Sources */ = {isa = PBXBuildFile; fileRef = D81F45141D118D63004D9192 /* YGTabbar.swift */; };
		D81F451B1D118D63004D9192 /* YGTabbarButton.swift in Sources */ = {isa = PBXBuildFile; fileRef = D81F45151D118D63004D9192 /* YGTabbarButton.swift */; };
		D81F451C1D118D63004D9192 /* YGTabbarController.swift in Sources */ = {isa = PBXBuildFile; fileRef = D81F45161D118D63004D9192 /* YGTabbarController.swift */; };
		D81F451E1D118DF7004D9192 /* libicucore.tbd in Frameworks */ = {isa = PBXBuildFile; fileRef = D81F451D1D118DF7004D9192 /* libicucore.tbd */; };
		D81F45201D118EF7004D9192 /* HomeViewController.swift in Sources */ = {isa = PBXBuildFile; fileRef = D81F451F1D118EF7004D9192 /* HomeViewController.swift */; };
		D81F45221D118F3C004D9192 /* SquareViewController.swift in Sources */ = {isa = PBXBuildFile; fileRef = D81F45211D118F3C004D9192 /* SquareViewController.swift */; };
		D81F45241D118F48004D9192 /* IssueViewController.swift in Sources */ = {isa = PBXBuildFile; fileRef = D81F45231D118F48004D9192 /* IssueViewController.swift */; };
		D81F45261D118F50004D9192 /* FollowViewController.swift in Sources */ = {isa = PBXBuildFile; fileRef = D81F45251D118F50004D9192 /* FollowViewController.swift */; };
		D81F45281D118F5E004D9192 /* MineViewController.swift in Sources */ = {isa = PBXBuildFile; fileRef = D81F45271D118F5E004D9192 /* MineViewController.swift */; };
		D81F452B1D1198B3004D9192 /* GlobleDefine.swift in Sources */ = {isa = PBXBuildFile; fileRef = D81F45291D1198B3004D9192 /* GlobleDefine.swift */; };
		D81F452C1D1198B3004D9192 /* Reachability.swift in Sources */ = {isa = PBXBuildFile; fileRef = D81F452A1D1198B3004D9192 /* Reachability.swift */; };
		D81F452E1D11A2E4004D9192 /* API.swift in Sources */ = {isa = PBXBuildFile; fileRef = D81F452D1D11A2E4004D9192 /* API.swift */; };
		D81F453B1D143934004D9192 /* YKBannerView.swift in Sources */ = {isa = PBXBuildFile; fileRef = D81F45391D143934004D9192 /* YKBannerView.swift */; };
		D81F453C1D143934004D9192 /* BrowsePhotoViewController.swift in Sources */ = {isa = PBXBuildFile; fileRef = D81F453A1D143934004D9192 /* BrowsePhotoViewController.swift */; };
		D81F453F1D145B60004D9192 /* LogViewController.swift in Sources */ = {isa = PBXBuildFile; fileRef = D81F453E1D145B60004D9192 /* LogViewController.swift */; };
		E41C22D91D113B9500F58250 /* AppDelegate.swift in Sources */ = {isa = PBXBuildFile; fileRef = E41C22D81D113B9500F58250 /* AppDelegate.swift */; };
		E41C22E01D113B9500F58250 /* Assets.xcassets in Resources */ = {isa = PBXBuildFile; fileRef = E41C22DF1D113B9500F58250 /* Assets.xcassets */; };
		E41C22EE1D113B9500F58250 /* OutLookersTests.swift in Sources */ = {isa = PBXBuildFile; fileRef = E41C22ED1D113B9500F58250 /* OutLookersTests.swift */; };
		E41C22F91D113B9500F58250 /* OutLookersUITests.swift in Sources */ = {isa = PBXBuildFile; fileRef = E41C22F81D113B9500F58250 /* OutLookersUITests.swift */; };
/* End PBXBuildFile section */

/* Begin PBXContainerItemProxy section */
		E41C22EA1D113B9500F58250 /* PBXContainerItemProxy */ = {
			isa = PBXContainerItemProxy;
			containerPortal = E41C22CD1D113B9500F58250 /* Project object */;
			proxyType = 1;
			remoteGlobalIDString = E41C22D41D113B9500F58250;
			remoteInfo = OutLookers;
		};
		E41C22F51D113B9500F58250 /* PBXContainerItemProxy */ = {
			isa = PBXContainerItemProxy;
			containerPortal = E41C22CD1D113B9500F58250 /* Project object */;
			proxyType = 1;
			remoteGlobalIDString = E41C22D41D113B9500F58250;
			remoteInfo = OutLookers;
		};
/* End PBXContainerItemProxy section */

/* Begin PBXFileReference section */
		1C69036F011BACF432CA75A0 /* Pods-OutLookersTests.debug.xcconfig */ = {isa = PBXFileReference; includeInIndex = 1; lastKnownFileType = text.xcconfig; name = "Pods-OutLookersTests.debug.xcconfig"; path = "Pods/Target Support Files/Pods-OutLookersTests/Pods-OutLookersTests.debug.xcconfig"; sourceTree = "<group>"; };
		81A56EEDE6452B84061E2B17 /* Pods_OutLookersTests.framework */ = {isa = PBXFileReference; explicitFileType = wrapper.framework; includeInIndex = 0; path = Pods_OutLookersTests.framework; sourceTree = BUILT_PRODUCTS_DIR; };
		86D48BD0AF2D70AA575189ED /* Pods-OutLookers.release.xcconfig */ = {isa = PBXFileReference; includeInIndex = 1; lastKnownFileType = text.xcconfig; name = "Pods-OutLookers.release.xcconfig"; path = "Pods/Target Support Files/Pods-OutLookers/Pods-OutLookers.release.xcconfig"; sourceTree = "<group>"; };
		99376C4E9470B6D86424EE53 /* Pods-OutLookersUITests.debug.xcconfig */ = {isa = PBXFileReference; includeInIndex = 1; lastKnownFileType = text.xcconfig; name = "Pods-OutLookersUITests.debug.xcconfig"; path = "Pods/Target Support Files/Pods-OutLookersUITests/Pods-OutLookersUITests.debug.xcconfig"; sourceTree = "<group>"; };
		A76DF41BCB00434792CF9666 /* Pods-OutLookersUITests.release.xcconfig */ = {isa = PBXFileReference; includeInIndex = 1; lastKnownFileType = text.xcconfig; name = "Pods-OutLookersUITests.release.xcconfig"; path = "Pods/Target Support Files/Pods-OutLookersUITests/Pods-OutLookersUITests.release.xcconfig"; sourceTree = "<group>"; };
		AB7E261961DA686994266DB9 /* Pods-OutLookersTests.release.xcconfig */ = {isa = PBXFileReference; includeInIndex = 1; lastKnownFileType = text.xcconfig; name = "Pods-OutLookersTests.release.xcconfig"; path = "Pods/Target Support Files/Pods-OutLookersTests/Pods-OutLookersTests.release.xcconfig"; sourceTree = "<group>"; };
		D1DD644E06821030D57629EA /* Pods-OutLookers.debug.xcconfig */ = {isa = PBXFileReference; includeInIndex = 1; lastKnownFileType = text.xcconfig; name = "Pods-OutLookers.debug.xcconfig"; path = "Pods/Target Support Files/Pods-OutLookers/Pods-OutLookers.debug.xcconfig"; sourceTree = "<group>"; };
		D50A73170F0BE2D125B6D57B /* Pods_OutLookers.framework */ = {isa = PBXFileReference; explicitFileType = wrapper.framework; includeInIndex = 0; path = Pods_OutLookers.framework; sourceTree = BUILT_PRODUCTS_DIR; };
		D81F44F41D118D15004D9192 /* LaunchScreen.storyboard */ = {isa = PBXFileReference; fileEncoding = 4; lastKnownFileType = file.storyboard; name = LaunchScreen.storyboard; path = OutLookers/LaunchScreen.storyboard; sourceTree = SOURCE_ROOT; };
		D81F44F51D118D15004D9192 /* Main.storyboard */ = {isa = PBXFileReference; fileEncoding = 4; lastKnownFileType = file.storyboard; name = Main.storyboard; path = OutLookers/Main.storyboard; sourceTree = SOURCE_ROOT; };
		D81F44F61D118D15004D9192 /* OutLookers-Bridging-Header.h */ = {isa = PBXFileReference; fileEncoding = 4; lastKnownFileType = sourcecode.c.h; name = "OutLookers-Bridging-Header.h"; path = "OutLookers/OutLookers-Bridging-Header.h"; sourceTree = SOURCE_ROOT; };
		D81F44F91D118D43004D9192 /* CGRect+EX.swift */ = {isa = PBXFileReference; fileEncoding = 4; lastKnownFileType = sourcecode.swift; name = "CGRect+EX.swift"; path = "OutLookers/CGRect+EX.swift"; sourceTree = SOURCE_ROOT; };
		D81F44FA1D118D43004D9192 /* InterfaceBuiderEX.swift */ = {isa = PBXFileReference; fileEncoding = 4; lastKnownFileType = sourcecode.swift; name = InterfaceBuiderEX.swift; path = OutLookers/InterfaceBuiderEX.swift; sourceTree = SOURCE_ROOT; };
		D81F44FB1D118D43004D9192 /* NSString+EX.swift */ = {isa = PBXFileReference; fileEncoding = 4; lastKnownFileType = sourcecode.swift; name = "NSString+EX.swift"; path = "OutLookers/NSString+EX.swift"; sourceTree = SOURCE_ROOT; };
		D81F44FC1D118D43004D9192 /* Regex.swift */ = {isa = PBXFileReference; fileEncoding = 4; lastKnownFileType = sourcecode.swift; name = Regex.swift; path = OutLookers/Regex.swift; sourceTree = SOURCE_ROOT; };
		D81F44FD1D118D43004D9192 /* String+EX.swift */ = {isa = PBXFileReference; fileEncoding = 4; lastKnownFileType = sourcecode.swift; name = "String+EX.swift"; path = "OutLookers/String+EX.swift"; sourceTree = SOURCE_ROOT; };
		D81F44FF1D118D43004D9192 /* TimeObject.swift */ = {isa = PBXFileReference; fileEncoding = 4; lastKnownFileType = sourcecode.swift; name = TimeObject.swift; path = OutLookers/TimeObject.swift; sourceTree = SOURCE_ROOT; };
		D81F45001D118D43004D9192 /* UIColor+EX.swift */ = {isa = PBXFileReference; fileEncoding = 4; lastKnownFileType = sourcecode.swift; name = "UIColor+EX.swift"; path = "OutLookers/UIColor+EX.swift"; sourceTree = SOURCE_ROOT; };
		D81F45021D118D43004D9192 /* UIImage+EX.swift */ = {isa = PBXFileReference; fileEncoding = 4; lastKnownFileType = sourcecode.swift; name = "UIImage+EX.swift"; path = "OutLookers/UIImage+EX.swift"; sourceTree = SOURCE_ROOT; };
		D81F45031D118D43004D9192 /* UIView+EX.swift */ = {isa = PBXFileReference; fileEncoding = 4; lastKnownFileType = sourcecode.swift; name = "UIView+EX.swift"; path = "OutLookers/UIView+EX.swift"; sourceTree = SOURCE_ROOT; };
		D81F450F1D118D50004D9192 /* HttpTool.swift */ = {isa = PBXFileReference; fileEncoding = 4; lastKnownFileType = sourcecode.swift; name = HttpTool.swift; path = OutLookers/HttpTool.swift; sourceTree = SOURCE_ROOT; };
		D81F45121D118D63004D9192 /* YGBaseViewController.swift */ = {isa = PBXFileReference; fileEncoding = 4; lastKnownFileType = sourcecode.swift; name = YGBaseViewController.swift; path = OutLookers/YGBaseViewController.swift; sourceTree = SOURCE_ROOT; };
		D81F45131D118D63004D9192 /* YGNavigationController.swift */ = {isa = PBXFileReference; fileEncoding = 4; lastKnownFileType = sourcecode.swift; name = YGNavigationController.swift; path = OutLookers/YGNavigationController.swift; sourceTree = SOURCE_ROOT; };
		D81F45141D118D63004D9192 /* YGTabbar.swift */ = {isa = PBXFileReference; fileEncoding = 4; lastKnownFileType = sourcecode.swift; name = YGTabbar.swift; path = OutLookers/YGTabbar.swift; sourceTree = SOURCE_ROOT; };
		D81F45151D118D63004D9192 /* YGTabbarButton.swift */ = {isa = PBXFileReference; fileEncoding = 4; lastKnownFileType = sourcecode.swift; name = YGTabbarButton.swift; path = OutLookers/YGTabbarButton.swift; sourceTree = SOURCE_ROOT; };
		D81F45161D118D63004D9192 /* YGTabbarController.swift */ = {isa = PBXFileReference; fileEncoding = 4; lastKnownFileType = sourcecode.swift; name = YGTabbarController.swift; path = OutLookers/YGTabbarController.swift; sourceTree = SOURCE_ROOT; };
		D81F451D1D118DF7004D9192 /* libicucore.tbd */ = {isa = PBXFileReference; lastKnownFileType = "sourcecode.text-based-dylib-definition"; name = libicucore.tbd; path = usr/lib/libicucore.tbd; sourceTree = SDKROOT; };
		D81F451F1D118EF7004D9192 /* HomeViewController.swift */ = {isa = PBXFileReference; fileEncoding = 4; lastKnownFileType = sourcecode.swift; name = HomeViewController.swift; path = OutLookers/HomeViewController.swift; sourceTree = SOURCE_ROOT; };
		D81F45211D118F3C004D9192 /* SquareViewController.swift */ = {isa = PBXFileReference; fileEncoding = 4; lastKnownFileType = sourcecode.swift; name = SquareViewController.swift; path = OutLookers/SquareViewController.swift; sourceTree = SOURCE_ROOT; };
		D81F45231D118F48004D9192 /* IssueViewController.swift */ = {isa = PBXFileReference; fileEncoding = 4; lastKnownFileType = sourcecode.swift; name = IssueViewController.swift; path = OutLookers/IssueViewController.swift; sourceTree = SOURCE_ROOT; };
		D81F45251D118F50004D9192 /* FollowViewController.swift */ = {isa = PBXFileReference; fileEncoding = 4; lastKnownFileType = sourcecode.swift; name = FollowViewController.swift; path = OutLookers/FollowViewController.swift; sourceTree = SOURCE_ROOT; };
		D81F45271D118F5E004D9192 /* MineViewController.swift */ = {isa = PBXFileReference; fileEncoding = 4; lastKnownFileType = sourcecode.swift; name = MineViewController.swift; path = OutLookers/MineViewController.swift; sourceTree = SOURCE_ROOT; };
		D81F45291D1198B3004D9192 /* GlobleDefine.swift */ = {isa = PBXFileReference; fileEncoding = 4; lastKnownFileType = sourcecode.swift; name = GlobleDefine.swift; path = OutLookers/GlobleDefine.swift; sourceTree = SOURCE_ROOT; };
		D81F452A1D1198B3004D9192 /* Reachability.swift */ = {isa = PBXFileReference; fileEncoding = 4; lastKnownFileType = sourcecode.swift; name = Reachability.swift; path = OutLookers/Reachability.swift; sourceTree = SOURCE_ROOT; };
		D81F452D1D11A2E4004D9192 /* API.swift */ = {isa = PBXFileReference; fileEncoding = 4; lastKnownFileType = sourcecode.swift; name = API.swift; path = OutLookers/API.swift; sourceTree = SOURCE_ROOT; };
		D81F45391D143934004D9192 /* YKBannerView.swift */ = {isa = PBXFileReference; fileEncoding = 4; lastKnownFileType = sourcecode.swift; name = YKBannerView.swift; path = OutLookers/YKBannerView.swift; sourceTree = SOURCE_ROOT; };
		D81F453A1D143934004D9192 /* BrowsePhotoViewController.swift */ = {isa = PBXFileReference; fileEncoding = 4; lastKnownFileType = sourcecode.swift; name = BrowsePhotoViewController.swift; path = OutLookers/BrowsePhotoViewController.swift; sourceTree = SOURCE_ROOT; };
		D81F453E1D145B60004D9192 /* LogViewController.swift */ = {isa = PBXFileReference; fileEncoding = 4; lastKnownFileType = sourcecode.swift; path = LogViewController.swift; sourceTree = SOURCE_ROOT; };
		D93DD1EA83809B339E0F1C66 /* Pods_OutLookersUITests.framework */ = {isa = PBXFileReference; explicitFileType = wrapper.framework; includeInIndex = 0; path = Pods_OutLookersUITests.framework; sourceTree = BUILT_PRODUCTS_DIR; };
		E41C22D51D113B9500F58250 /* OutLookers.app */ = {isa = PBXFileReference; explicitFileType = wrapper.application; includeInIndex = 0; path = OutLookers.app; sourceTree = BUILT_PRODUCTS_DIR; };
		E41C22D81D113B9500F58250 /* AppDelegate.swift */ = {isa = PBXFileReference; lastKnownFileType = sourcecode.swift; path = AppDelegate.swift; sourceTree = "<group>"; };
		E41C22DF1D113B9500F58250 /* Assets.xcassets */ = {isa = PBXFileReference; lastKnownFileType = folder.assetcatalog; path = Assets.xcassets; sourceTree = "<group>"; };
		E41C22E41D113B9500F58250 /* Info.plist */ = {isa = PBXFileReference; lastKnownFileType = text.plist.xml; path = Info.plist; sourceTree = "<group>"; };
		E41C22E91D113B9500F58250 /* OutLookersTests.xctest */ = {isa = PBXFileReference; explicitFileType = wrapper.cfbundle; includeInIndex = 0; path = OutLookersTests.xctest; sourceTree = BUILT_PRODUCTS_DIR; };
		E41C22ED1D113B9500F58250 /* OutLookersTests.swift */ = {isa = PBXFileReference; lastKnownFileType = sourcecode.swift; path = OutLookersTests.swift; sourceTree = "<group>"; };
		E41C22EF1D113B9500F58250 /* Info.plist */ = {isa = PBXFileReference; lastKnownFileType = text.plist.xml; path = Info.plist; sourceTree = "<group>"; };
		E41C22F41D113B9500F58250 /* OutLookersUITests.xctest */ = {isa = PBXFileReference; explicitFileType = wrapper.cfbundle; includeInIndex = 0; path = OutLookersUITests.xctest; sourceTree = BUILT_PRODUCTS_DIR; };
		E41C22F81D113B9500F58250 /* OutLookersUITests.swift */ = {isa = PBXFileReference; lastKnownFileType = sourcecode.swift; path = OutLookersUITests.swift; sourceTree = "<group>"; };
		E41C22FA1D113B9500F58250 /* Info.plist */ = {isa = PBXFileReference; lastKnownFileType = text.plist.xml; path = Info.plist; sourceTree = "<group>"; };
/* End PBXFileReference section */

/* Begin PBXFrameworksBuildPhase section */
		E41C22D21D113B9500F58250 /* Frameworks */ = {
			isa = PBXFrameworksBuildPhase;
			buildActionMask = 2147483647;
			files = (
				D81F451E1D118DF7004D9192 /* libicucore.tbd in Frameworks */,
				1805C2C336DDC319476D83A7 /* Pods_OutLookers.framework in Frameworks */,
			);
			runOnlyForDeploymentPostprocessing = 0;
		};
		E41C22E61D113B9500F58250 /* Frameworks */ = {
			isa = PBXFrameworksBuildPhase;
			buildActionMask = 2147483647;
			files = (
				0337676B7C338C4718792547 /* Pods_OutLookersTests.framework in Frameworks */,
			);
			runOnlyForDeploymentPostprocessing = 0;
		};
		E41C22F11D113B9500F58250 /* Frameworks */ = {
			isa = PBXFrameworksBuildPhase;
			buildActionMask = 2147483647;
			files = (
				B8E722BE3700C5340A0AFC34 /* Pods_OutLookersUITests.framework in Frameworks */,
			);
			runOnlyForDeploymentPostprocessing = 0;
		};
/* End PBXFrameworksBuildPhase section */

/* Begin PBXGroup section */
		B917E19BC0A887636F207BB4 /* Pods */ = {
			isa = PBXGroup;
			children = (
				D1DD644E06821030D57629EA /* Pods-OutLookers.debug.xcconfig */,
				86D48BD0AF2D70AA575189ED /* Pods-OutLookers.release.xcconfig */,
				1C69036F011BACF432CA75A0 /* Pods-OutLookersTests.debug.xcconfig */,
				AB7E261961DA686994266DB9 /* Pods-OutLookersTests.release.xcconfig */,
				99376C4E9470B6D86424EE53 /* Pods-OutLookersUITests.debug.xcconfig */,
				A76DF41BCB00434792CF9666 /* Pods-OutLookersUITests.release.xcconfig */,
			);
			name = Pods;
			sourceTree = "<group>";
		};
		D81F452F1D12CF45004D9192 /* Controller */ = {
			isa = PBXGroup;
			children = (
				D81F451F1D118EF7004D9192 /* HomeViewController.swift */,
			);
			name = Controller;
			sourceTree = "<group>";
		};
		D81F453D1D145B3D004D9192 /* Controller */ = {
			isa = PBXGroup;
			children = (
				D81F45271D118F5E004D9192 /* MineViewController.swift */,
				D81F453E1D145B60004D9192 /* LogViewController.swift */,
			);
			name = Controller;
			sourceTree = "<group>";
		};
		E082FD6645859458CEA4EF04 /* Frameworks */ = {
			isa = PBXGroup;
			children = (
				D81F451D1D118DF7004D9192 /* libicucore.tbd */,
				D50A73170F0BE2D125B6D57B /* Pods_OutLookers.framework */,
				81A56EEDE6452B84061E2B17 /* Pods_OutLookersTests.framework */,
				D93DD1EA83809B339E0F1C66 /* Pods_OutLookersUITests.framework */,
			);
			name = Frameworks;
			sourceTree = "<group>";
		};
		E41C22CC1D113B9500F58250 = {
			isa = PBXGroup;
			children = (
				E41C22D71D113B9500F58250 /* OutLookers */,
				E41C22EC1D113B9500F58250 /* OutLookersTests */,
				E41C22F71D113B9500F58250 /* OutLookersUITests */,
				E41C22D61D113B9500F58250 /* Products */,
				B917E19BC0A887636F207BB4 /* Pods */,
				E082FD6645859458CEA4EF04 /* Frameworks */,
			);
			sourceTree = "<group>";
		};
		E41C22D61D113B9500F58250 /* Products */ = {
			isa = PBXGroup;
			children = (
				E41C22D51D113B9500F58250 /* OutLookers.app */,
				E41C22E91D113B9500F58250 /* OutLookersTests.xctest */,
				E41C22F41D113B9500F58250 /* OutLookersUITests.xctest */,
			);
			name = Products;
			sourceTree = "<group>";
		};
		E41C22D71D113B9500F58250 /* OutLookers */ = {
			isa = PBXGroup;
			children = (
				E41C22D81D113B9500F58250 /* AppDelegate.swift */,
				E41C6C5A1D113F350013031D /* BaseClass */,
				E41C6C5D1D113F350013031D /* Home */,
				E41C6C621D113F350013031D /* Square */,
				E41C6C5E1D113F350013031D /* Issue */,
				E41C6C5C1D113F350013031D /* Follow */,
				E41C6C601D113F350013031D /* Mine */,
				E41C6C611D113F350013031D /* Service */,
				E41C6C5B1D113F350013031D /* Extension */,
				E41C6C5F1D113F350013031D /* Lib */,
				E41C6C631D113F510013031D /* OtherSource */,
				E41C22DF1D113B9500F58250 /* Assets.xcassets */,
				E41C22E41D113B9500F58250 /* Info.plist */,
			);
			path = OutLookers;
			sourceTree = "<group>";
		};
		E41C22EC1D113B9500F58250 /* OutLookersTests */ = {
			isa = PBXGroup;
			children = (
				E41C22ED1D113B9500F58250 /* OutLookersTests.swift */,
				E41C22EF1D113B9500F58250 /* Info.plist */,
			);
			path = OutLookersTests;
			sourceTree = "<group>";
		};
		E41C22F71D113B9500F58250 /* OutLookersUITests */ = {
			isa = PBXGroup;
			children = (
				E41C22F81D113B9500F58250 /* OutLookersUITests.swift */,
				E41C22FA1D113B9500F58250 /* Info.plist */,
			);
			path = OutLookersUITests;
			sourceTree = "<group>";
		};
		E41C6C5A1D113F350013031D /* BaseClass */ = {
			isa = PBXGroup;
			children = (
				D81F45121D118D63004D9192 /* YGBaseViewController.swift */,
				D81F45131D118D63004D9192 /* YGNavigationController.swift */,
				D81F45141D118D63004D9192 /* YGTabbar.swift */,
				D81F45151D118D63004D9192 /* YGTabbarButton.swift */,
				D81F45161D118D63004D9192 /* YGTabbarController.swift */,
			);
			path = BaseClass;
			sourceTree = "<group>";
		};
		E41C6C5B1D113F350013031D /* Extension */ = {
			isa = PBXGroup;
			children = (
				D81F44F91D118D43004D9192 /* CGRect+EX.swift */,
				D81F44FA1D118D43004D9192 /* InterfaceBuiderEX.swift */,
				D81F44FB1D118D43004D9192 /* NSString+EX.swift */,
				D81F44FC1D118D43004D9192 /* Regex.swift */,
				D81F44FD1D118D43004D9192 /* String+EX.swift */,
				D81F44FF1D118D43004D9192 /* TimeObject.swift */,
				D81F45001D118D43004D9192 /* UIColor+EX.swift */,
				D81F45021D118D43004D9192 /* UIImage+EX.swift */,
				D81F45031D118D43004D9192 /* UIView+EX.swift */,
			);
			path = Extension;
			sourceTree = "<group>";
		};
		E41C6C5C1D113F350013031D /* Follow */ = {
			isa = PBXGroup;
			children = (
				D81F45251D118F50004D9192 /* FollowViewController.swift */,
			);
			name = Follow;
			path = Fllow;
			sourceTree = "<group>";
		};
		E41C6C5D1D113F350013031D /* Home */ = {
			isa = PBXGroup;
			children = (
				D81F452F1D12CF45004D9192 /* Controller */,
			);
			path = Home;
			sourceTree = "<group>";
		};
		E41C6C5E1D113F350013031D /* Issue */ = {
			isa = PBXGroup;
			children = (
				D81F45231D118F48004D9192 /* IssueViewController.swift */,
			);
			path = Issue;
			sourceTree = "<group>";
		};
		E41C6C5F1D113F350013031D /* Lib */ = {
			isa = PBXGroup;
			children = (
				D81F452A1D1198B3004D9192 /* Reachability.swift */,
			);
			path = Lib;
			sourceTree = "<group>";
		};
		E41C6C601D113F350013031D /* Mine */ = {
			isa = PBXGroup;
			children = (
				D81F453D1D145B3D004D9192 /* Controller */,
			);
			path = Mine;
			sourceTree = "<group>";
		};
		E41C6C611D113F350013031D /* Service */ = {
			isa = PBXGroup;
			children = (
				D81F450F1D118D50004D9192 /* HttpTool.swift */,
				D81F452D1D11A2E4004D9192 /* API.swift */,
			);
			path = Service;
			sourceTree = "<group>";
		};
		E41C6C621D113F350013031D /* Square */ = {
			isa = PBXGroup;
			children = (
				D81F45211D118F3C004D9192 /* SquareViewController.swift */,
			);
			path = Square;
			sourceTree = "<group>";
		};
		E41C6C631D113F510013031D /* OtherSource */ = {
			isa = PBXGroup;
			children = (
				D81F45391D143934004D9192 /* YKBannerView.swift */,
				D81F453A1D143934004D9192 /* BrowsePhotoViewController.swift */,
				D81F45291D1198B3004D9192 /* GlobleDefine.swift */,
				D81F44F41D118D15004D9192 /* LaunchScreen.storyboard */,
				D81F44F51D118D15004D9192 /* Main.storyboard */,
				D81F44F61D118D15004D9192 /* OutLookers-Bridging-Header.h */,
			);
			path = OtherSource;
			sourceTree = "<group>";
		};
/* End PBXGroup section */

/* Begin PBXNativeTarget section */
		E41C22D41D113B9500F58250 /* OutLookers */ = {
			isa = PBXNativeTarget;
			buildConfigurationList = E41C22FD1D113B9500F58250 /* Build configuration list for PBXNativeTarget "OutLookers" */;
			buildPhases = (
				E99C38EED84414BA4260EE60 /* [CP] Check Pods Manifest.lock */,
				E41C22D11D113B9500F58250 /* Sources */,
				E41C22D21D113B9500F58250 /* Frameworks */,
				E41C22D31D113B9500F58250 /* Resources */,
				CDFF4879F99672027FD44B56 /* [CP] Embed Pods Frameworks */,
				6370F9FEDF179D17D25FAB24 /* [CP] Copy Pods Resources */,
			);
			buildRules = (
			);
			dependencies = (
			);
			name = OutLookers;
			productName = OutLookers;
			productReference = E41C22D51D113B9500F58250 /* OutLookers.app */;
			productType = "com.apple.product-type.application";
		};
		E41C22E81D113B9500F58250 /* OutLookersTests */ = {
			isa = PBXNativeTarget;
			buildConfigurationList = E41C23001D113B9500F58250 /* Build configuration list for PBXNativeTarget "OutLookersTests" */;
			buildPhases = (
				8BB6E7B61359245498EB4FE9 /* [CP] Check Pods Manifest.lock */,
				E41C22E51D113B9500F58250 /* Sources */,
				E41C22E61D113B9500F58250 /* Frameworks */,
				E41C22E71D113B9500F58250 /* Resources */,
				AF2906BB10900D01EBD6C288 /* [CP] Embed Pods Frameworks */,
				0A5980CE9D706CFE4AA185A1 /* [CP] Copy Pods Resources */,
			);
			buildRules = (
			);
			dependencies = (
				E41C22EB1D113B9500F58250 /* PBXTargetDependency */,
			);
			name = OutLookersTests;
			productName = OutLookersTests;
			productReference = E41C22E91D113B9500F58250 /* OutLookersTests.xctest */;
			productType = "com.apple.product-type.bundle.unit-test";
		};
		E41C22F31D113B9500F58250 /* OutLookersUITests */ = {
			isa = PBXNativeTarget;
			buildConfigurationList = E41C23031D113B9500F58250 /* Build configuration list for PBXNativeTarget "OutLookersUITests" */;
			buildPhases = (
				BC4D5C827ACFD5DEAD2D7D7C /* [CP] Check Pods Manifest.lock */,
				E41C22F01D113B9500F58250 /* Sources */,
				E41C22F11D113B9500F58250 /* Frameworks */,
				E41C22F21D113B9500F58250 /* Resources */,
				60DCA53A2C4CBC10336FF176 /* [CP] Copy Pods Resources */,
			);
			buildRules = (
			);
			dependencies = (
				E41C22F61D113B9500F58250 /* PBXTargetDependency */,
			);
			name = OutLookersUITests;
			productName = OutLookersUITests;
			productReference = E41C22F41D113B9500F58250 /* OutLookersUITests.xctest */;
			productType = "com.apple.product-type.bundle.ui-testing";
		};
/* End PBXNativeTarget section */

/* Begin PBXProject section */
		E41C22CD1D113B9500F58250 /* Project object */ = {
			isa = PBXProject;
			attributes = {
				LastSwiftUpdateCheck = 0730;
				LastUpgradeCheck = 0730;
				ORGANIZATIONNAME = youngkook;
				TargetAttributes = {
					E41C22D41D113B9500F58250 = {
						CreatedOnToolsVersion = 7.3.1;
						DevelopmentTeam = B8Q936X2JX;
					};
					E41C22E81D113B9500F58250 = {
						CreatedOnToolsVersion = 7.3.1;
						TestTargetID = E41C22D41D113B9500F58250;
					};
					E41C22F31D113B9500F58250 = {
						CreatedOnToolsVersion = 7.3.1;
						TestTargetID = E41C22D41D113B9500F58250;
					};
				};
			};
			buildConfigurationList = E41C22D01D113B9500F58250 /* Build configuration list for PBXProject "OutLookers" */;
			compatibilityVersion = "Xcode 3.2";
			developmentRegion = English;
			hasScannedForEncodings = 0;
			knownRegions = (
				en,
				Base,
			);
			mainGroup = E41C22CC1D113B9500F58250;
			productRefGroup = E41C22D61D113B9500F58250 /* Products */;
			projectDirPath = "";
			projectRoot = "";
			targets = (
				E41C22D41D113B9500F58250 /* OutLookers */,
				E41C22E81D113B9500F58250 /* OutLookersTests */,
				E41C22F31D113B9500F58250 /* OutLookersUITests */,
			);
		};
/* End PBXProject section */

/* Begin PBXResourcesBuildPhase section */
		E41C22D31D113B9500F58250 /* Resources */ = {
			isa = PBXResourcesBuildPhase;
			buildActionMask = 2147483647;
			files = (
				D81F44F81D118D15004D9192 /* Main.storyboard in Resources */,
				E41C22E01D113B9500F58250 /* Assets.xcassets in Resources */,
				D81F44F71D118D15004D9192 /* LaunchScreen.storyboard in Resources */,
			);
			runOnlyForDeploymentPostprocessing = 0;
		};
		E41C22E71D113B9500F58250 /* Resources */ = {
			isa = PBXResourcesBuildPhase;
			buildActionMask = 2147483647;
			files = (
			);
			runOnlyForDeploymentPostprocessing = 0;
		};
		E41C22F21D113B9500F58250 /* Resources */ = {
			isa = PBXResourcesBuildPhase;
			buildActionMask = 2147483647;
			files = (
			);
			runOnlyForDeploymentPostprocessing = 0;
		};
/* End PBXResourcesBuildPhase section */

/* Begin PBXShellScriptBuildPhase section */
		0A5980CE9D706CFE4AA185A1 /* [CP] Copy Pods Resources */ = {
			isa = PBXShellScriptBuildPhase;
			buildActionMask = 2147483647;
			files = (
			);
			inputPaths = (
			);
			name = "[CP] Copy Pods Resources";
			outputPaths = (
			);
			runOnlyForDeploymentPostprocessing = 0;
			shellPath = /bin/sh;
			shellScript = "\"${SRCROOT}/Pods/Target Support Files/Pods-OutLookersTests/Pods-OutLookersTests-resources.sh\"\n";
			showEnvVarsInLog = 0;
		};
		60DCA53A2C4CBC10336FF176 /* [CP] Copy Pods Resources */ = {
			isa = PBXShellScriptBuildPhase;
			buildActionMask = 2147483647;
			files = (
			);
			inputPaths = (
			);
			name = "[CP] Copy Pods Resources";
			outputPaths = (
			);
			runOnlyForDeploymentPostprocessing = 0;
			shellPath = /bin/sh;
			shellScript = "\"${SRCROOT}/Pods/Target Support Files/Pods-OutLookersUITests/Pods-OutLookersUITests-resources.sh\"\n";
			showEnvVarsInLog = 0;
		};
		6370F9FEDF179D17D25FAB24 /* [CP] Copy Pods Resources */ = {
			isa = PBXShellScriptBuildPhase;
			buildActionMask = 2147483647;
			files = (
			);
			inputPaths = (
			);
			name = "[CP] Copy Pods Resources";
			outputPaths = (
			);
			runOnlyForDeploymentPostprocessing = 0;
			shellPath = /bin/sh;
			shellScript = "\"${SRCROOT}/Pods/Target Support Files/Pods-OutLookers/Pods-OutLookers-resources.sh\"\n";
			showEnvVarsInLog = 0;
		};
		8BB6E7B61359245498EB4FE9 /* [CP] Check Pods Manifest.lock */ = {
			isa = PBXShellScriptBuildPhase;
			buildActionMask = 2147483647;
			files = (
			);
			inputPaths = (
			);
			name = "[CP] Check Pods Manifest.lock";
			outputPaths = (
			);
			runOnlyForDeploymentPostprocessing = 0;
			shellPath = /bin/sh;
			shellScript = "diff \"${PODS_ROOT}/../Podfile.lock\" \"${PODS_ROOT}/Manifest.lock\" > /dev/null\nif [[ $? != 0 ]] ; then\n    cat << EOM\nerror: The sandbox is not in sync with the Podfile.lock. Run 'pod install' or update your CocoaPods installation.\nEOM\n    exit 1\nfi\n";
			showEnvVarsInLog = 0;
		};
		AF2906BB10900D01EBD6C288 /* [CP] Embed Pods Frameworks */ = {
			isa = PBXShellScriptBuildPhase;
			buildActionMask = 2147483647;
			files = (
			);
			inputPaths = (
			);
			name = "[CP] Embed Pods Frameworks";
			outputPaths = (
			);
			runOnlyForDeploymentPostprocessing = 0;
			shellPath = /bin/sh;
			shellScript = "\"${SRCROOT}/Pods/Target Support Files/Pods-OutLookersTests/Pods-OutLookersTests-frameworks.sh\"\n";
			showEnvVarsInLog = 0;
		};
		BC4D5C827ACFD5DEAD2D7D7C /* [CP] Check Pods Manifest.lock */ = {
			isa = PBXShellScriptBuildPhase;
			buildActionMask = 2147483647;
			files = (
			);
			inputPaths = (
			);
			name = "[CP] Check Pods Manifest.lock";
			outputPaths = (
			);
			runOnlyForDeploymentPostprocessing = 0;
			shellPath = /bin/sh;
			shellScript = "diff \"${PODS_ROOT}/../Podfile.lock\" \"${PODS_ROOT}/Manifest.lock\" > /dev/null\nif [[ $? != 0 ]] ; then\n    cat << EOM\nerror: The sandbox is not in sync with the Podfile.lock. Run 'pod install' or update your CocoaPods installation.\nEOM\n    exit 1\nfi\n";
			showEnvVarsInLog = 0;
		};
		CDFF4879F99672027FD44B56 /* [CP] Embed Pods Frameworks */ = {
			isa = PBXShellScriptBuildPhase;
			buildActionMask = 2147483647;
			files = (
			);
			inputPaths = (
			);
			name = "[CP] Embed Pods Frameworks";
			outputPaths = (
			);
			runOnlyForDeploymentPostprocessing = 0;
			shellPath = /bin/sh;
			shellScript = "\"${SRCROOT}/Pods/Target Support Files/Pods-OutLookers/Pods-OutLookers-frameworks.sh\"\n";
			showEnvVarsInLog = 0;
		};
		E99C38EED84414BA4260EE60 /* [CP] Check Pods Manifest.lock */ = {
			isa = PBXShellScriptBuildPhase;
			buildActionMask = 2147483647;
			files = (
			);
			inputPaths = (
			);
			name = "[CP] Check Pods Manifest.lock";
			outputPaths = (
			);
			runOnlyForDeploymentPostprocessing = 0;
			shellPath = /bin/sh;
			shellScript = "diff \"${PODS_ROOT}/../Podfile.lock\" \"${PODS_ROOT}/Manifest.lock\" > /dev/null\nif [[ $? != 0 ]] ; then\n    cat << EOM\nerror: The sandbox is not in sync with the Podfile.lock. Run 'pod install' or update your CocoaPods installation.\nEOM\n    exit 1\nfi\n";
			showEnvVarsInLog = 0;
		};
/* End PBXShellScriptBuildPhase section */

/* Begin PBXSourcesBuildPhase section */
		E41C22D11D113B9500F58250 /* Sources */ = {
			isa = PBXSourcesBuildPhase;
			buildActionMask = 2147483647;
			files = (
				D81F45061D118D43004D9192 /* NSString+EX.swift in Sources */,
				D81F452B1D1198B3004D9192 /* GlobleDefine.swift in Sources */,
				D81F45181D118D63004D9192 /* YGBaseViewController.swift in Sources */,
				D81F453F1D145B60004D9192 /* LogViewController.swift in Sources */,
				D81F453B1D143934004D9192 /* YKBannerView.swift in Sources */,
				D81F450E1D118D43004D9192 /* UIView+EX.swift in Sources */,
				D81F45041D118D43004D9192 /* CGRect+EX.swift in Sources */,
				D81F45051D118D43004D9192 /* InterfaceBuiderEX.swift in Sources */,
				D81F450A1D118D43004D9192 /* TimeObject.swift in Sources */,
				D81F45081D118D43004D9192 /* String+EX.swift in Sources */,
				D81F45261D118F50004D9192 /* FollowViewController.swift in Sources */,
				D81F45281D118F5E004D9192 /* MineViewController.swift in Sources */,
				E41C22D91D113B9500F58250 /* AppDelegate.swift in Sources */,
				D81F453C1D143934004D9192 /* BrowsePhotoViewController.swift in Sources */,
				D81F45221D118F3C004D9192 /* SquareViewController.swift in Sources */,
				D81F45191D118D63004D9192 /* YGNavigationController.swift in Sources */,
				D81F450B1D118D43004D9192 /* UIColor+EX.swift in Sources */,
				D81F451B1D118D63004D9192 /* YGTabbarButton.swift in Sources */,
				D81F452C1D1198B3004D9192 /* Reachability.swift in Sources */,
				D81F45101D118D50004D9192 /* HttpTool.swift in Sources */,
				D81F45201D118EF7004D9192 /* HomeViewController.swift in Sources */,
				D81F451A1D118D63004D9192 /* YGTabbar.swift in Sources */,
				D81F450D1D118D43004D9192 /* UIImage+EX.swift in Sources */,
				D81F451C1D118D63004D9192 /* YGTabbarController.swift in Sources */,
				D81F45241D118F48004D9192 /* IssueViewController.swift in Sources */,
				D81F452E1D11A2E4004D9192 /* API.swift in Sources */,
				D81F45071D118D43004D9192 /* Regex.swift in Sources */,
			);
			runOnlyForDeploymentPostprocessing = 0;
		};
		E41C22E51D113B9500F58250 /* Sources */ = {
			isa = PBXSourcesBuildPhase;
			buildActionMask = 2147483647;
			files = (
				E41C22EE1D113B9500F58250 /* OutLookersTests.swift in Sources */,
			);
			runOnlyForDeploymentPostprocessing = 0;
		};
		E41C22F01D113B9500F58250 /* Sources */ = {
			isa = PBXSourcesBuildPhase;
			buildActionMask = 2147483647;
			files = (
				E41C22F91D113B9500F58250 /* OutLookersUITests.swift in Sources */,
			);
			runOnlyForDeploymentPostprocessing = 0;
		};
/* End PBXSourcesBuildPhase section */

/* Begin PBXTargetDependency section */
		E41C22EB1D113B9500F58250 /* PBXTargetDependency */ = {
			isa = PBXTargetDependency;
			target = E41C22D41D113B9500F58250 /* OutLookers */;
			targetProxy = E41C22EA1D113B9500F58250 /* PBXContainerItemProxy */;
		};
		E41C22F61D113B9500F58250 /* PBXTargetDependency */ = {
			isa = PBXTargetDependency;
			target = E41C22D41D113B9500F58250 /* OutLookers */;
			targetProxy = E41C22F51D113B9500F58250 /* PBXContainerItemProxy */;
		};
/* End PBXTargetDependency section */

/* Begin XCBuildConfiguration section */
		E41C22FB1D113B9500F58250 /* Debug */ = {
			isa = XCBuildConfiguration;
			buildSettings = {
				ALWAYS_SEARCH_USER_PATHS = NO;
				CLANG_ANALYZER_NONNULL = YES;
				CLANG_CXX_LANGUAGE_STANDARD = "gnu++0x";
				CLANG_CXX_LIBRARY = "libc++";
				CLANG_ENABLE_MODULES = YES;
				CLANG_ENABLE_OBJC_ARC = YES;
				CLANG_WARN_BOOL_CONVERSION = YES;
				CLANG_WARN_CONSTANT_CONVERSION = YES;
				CLANG_WARN_DIRECT_OBJC_ISA_USAGE = YES_ERROR;
				CLANG_WARN_EMPTY_BODY = YES;
				CLANG_WARN_ENUM_CONVERSION = YES;
				CLANG_WARN_INT_CONVERSION = YES;
				CLANG_WARN_OBJC_ROOT_CLASS = YES_ERROR;
				CLANG_WARN_UNREACHABLE_CODE = YES;
				CLANG_WARN__DUPLICATE_METHOD_MATCH = YES;
				"CODE_SIGN_IDENTITY[sdk=iphoneos*]" = "iPhone Developer";
				COPY_PHASE_STRIP = NO;
				DEBUG_INFORMATION_FORMAT = dwarf;
				ENABLE_STRICT_OBJC_MSGSEND = YES;
				ENABLE_TESTABILITY = YES;
				GCC_C_LANGUAGE_STANDARD = gnu99;
				GCC_DYNAMIC_NO_PIC = NO;
				GCC_NO_COMMON_BLOCKS = YES;
				GCC_OPTIMIZATION_LEVEL = 0;
				GCC_PREPROCESSOR_DEFINITIONS = (
					"DEBUG=1",
					"$(inherited)",
				);
				GCC_WARN_64_TO_32_BIT_CONVERSION = YES;
				GCC_WARN_ABOUT_RETURN_TYPE = YES_ERROR;
				GCC_WARN_UNDECLARED_SELECTOR = YES;
				GCC_WARN_UNINITIALIZED_AUTOS = YES_AGGRESSIVE;
				GCC_WARN_UNUSED_FUNCTION = YES;
				GCC_WARN_UNUSED_VARIABLE = YES;
				IPHONEOS_DEPLOYMENT_TARGET = 9.3;
				MTL_ENABLE_DEBUG_INFO = YES;
				ONLY_ACTIVE_ARCH = YES;
				SDKROOT = iphoneos;
				SWIFT_OPTIMIZATION_LEVEL = "-Onone";
			};
			name = Debug;
		};
		E41C22FC1D113B9500F58250 /* Release */ = {
			isa = XCBuildConfiguration;
			buildSettings = {
				ALWAYS_SEARCH_USER_PATHS = NO;
				CLANG_ANALYZER_NONNULL = YES;
				CLANG_CXX_LANGUAGE_STANDARD = "gnu++0x";
				CLANG_CXX_LIBRARY = "libc++";
				CLANG_ENABLE_MODULES = YES;
				CLANG_ENABLE_OBJC_ARC = YES;
				CLANG_WARN_BOOL_CONVERSION = YES;
				CLANG_WARN_CONSTANT_CONVERSION = YES;
				CLANG_WARN_DIRECT_OBJC_ISA_USAGE = YES_ERROR;
				CLANG_WARN_EMPTY_BODY = YES;
				CLANG_WARN_ENUM_CONVERSION = YES;
				CLANG_WARN_INT_CONVERSION = YES;
				CLANG_WARN_OBJC_ROOT_CLASS = YES_ERROR;
				CLANG_WARN_UNREACHABLE_CODE = YES;
				CLANG_WARN__DUPLICATE_METHOD_MATCH = YES;
				"CODE_SIGN_IDENTITY[sdk=iphoneos*]" = "iPhone Developer";
				COPY_PHASE_STRIP = NO;
				DEBUG_INFORMATION_FORMAT = "dwarf-with-dsym";
				ENABLE_NS_ASSERTIONS = NO;
				ENABLE_STRICT_OBJC_MSGSEND = YES;
				GCC_C_LANGUAGE_STANDARD = gnu99;
				GCC_NO_COMMON_BLOCKS = YES;
				GCC_WARN_64_TO_32_BIT_CONVERSION = YES;
				GCC_WARN_ABOUT_RETURN_TYPE = YES_ERROR;
				GCC_WARN_UNDECLARED_SELECTOR = YES;
				GCC_WARN_UNINITIALIZED_AUTOS = YES_AGGRESSIVE;
				GCC_WARN_UNUSED_FUNCTION = YES;
				GCC_WARN_UNUSED_VARIABLE = YES;
				IPHONEOS_DEPLOYMENT_TARGET = 9.3;
				MTL_ENABLE_DEBUG_INFO = NO;
				SDKROOT = iphoneos;
				VALIDATE_PRODUCT = YES;
			};
			name = Release;
		};
		E41C22FE1D113B9500F58250 /* Debug */ = {
			isa = XCBuildConfiguration;
			baseConfigurationReference = D1DD644E06821030D57629EA /* Pods-OutLookers.debug.xcconfig */;
			buildSettings = {
				ASSETCATALOG_COMPILER_APPICON_NAME = AppIcon;
				CLANG_ENABLE_MODULES = YES;
				CODE_SIGN_IDENTITY = "iPhone Developer";
				INFOPLIST_FILE = OutLookers/Info.plist;
				IPHONEOS_DEPLOYMENT_TARGET = 8.0;
				LD_RUNPATH_SEARCH_PATHS = "$(inherited) @executable_path/Frameworks";
				PRODUCT_BUNDLE_IDENTIFIER = com.youngkook.OutLookers;
				PRODUCT_NAME = "$(TARGET_NAME)";
				SWIFT_OBJC_BRIDGING_HEADER = "OutLookers/OutLookers-Bridging-Header.h";
				SWIFT_OPTIMIZATION_LEVEL = "-Onone";
			};
			name = Debug;
		};
		E41C22FF1D113B9500F58250 /* Release */ = {
			isa = XCBuildConfiguration;
			baseConfigurationReference = 86D48BD0AF2D70AA575189ED /* Pods-OutLookers.release.xcconfig */;
			buildSettings = {
				ASSETCATALOG_COMPILER_APPICON_NAME = AppIcon;
				CLANG_ENABLE_MODULES = YES;
				CODE_SIGN_IDENTITY = "iPhone Developer";
				INFOPLIST_FILE = OutLookers/Info.plist;
				IPHONEOS_DEPLOYMENT_TARGET = 8.0;
				LD_RUNPATH_SEARCH_PATHS = "$(inherited) @executable_path/Frameworks";
				PRODUCT_BUNDLE_IDENTIFIER = com.youngkook.OutLookers;
				PRODUCT_NAME = "$(TARGET_NAME)";
				SWIFT_OBJC_BRIDGING_HEADER = "OutLookers/OutLookers-Bridging-Header.h";
			};
			name = Release;
		};
		E41C23011D113B9500F58250 /* Debug */ = {
			isa = XCBuildConfiguration;
			baseConfigurationReference = 1C69036F011BACF432CA75A0 /* Pods-OutLookersTests.debug.xcconfig */;
			buildSettings = {
				BUNDLE_LOADER = "$(TEST_HOST)";
				INFOPLIST_FILE = OutLookersTests/Info.plist;
				LD_RUNPATH_SEARCH_PATHS = "$(inherited) @executable_path/Frameworks @loader_path/Frameworks";
				PRODUCT_BUNDLE_IDENTIFIER = com.youngkook.OutLookersTests;
				PRODUCT_NAME = "$(TARGET_NAME)";
				TEST_HOST = "$(BUILT_PRODUCTS_DIR)/OutLookers.app/OutLookers";
			};
			name = Debug;
		};
		E41C23021D113B9500F58250 /* Release */ = {
			isa = XCBuildConfiguration;
			baseConfigurationReference = AB7E261961DA686994266DB9 /* Pods-OutLookersTests.release.xcconfig */;
			buildSettings = {
				BUNDLE_LOADER = "$(TEST_HOST)";
				INFOPLIST_FILE = OutLookersTests/Info.plist;
				LD_RUNPATH_SEARCH_PATHS = "$(inherited) @executable_path/Frameworks @loader_path/Frameworks";
				PRODUCT_BUNDLE_IDENTIFIER = com.youngkook.OutLookersTests;
				PRODUCT_NAME = "$(TARGET_NAME)";
				TEST_HOST = "$(BUILT_PRODUCTS_DIR)/OutLookers.app/OutLookers";
			};
			name = Release;
		};
		E41C23041D113B9500F58250 /* Debug */ = {
			isa = XCBuildConfiguration;
			baseConfigurationReference = 99376C4E9470B6D86424EE53 /* Pods-OutLookersUITests.debug.xcconfig */;
			buildSettings = {
				INFOPLIST_FILE = OutLookersUITests/Info.plist;
				LD_RUNPATH_SEARCH_PATHS = "$(inherited) @executable_path/Frameworks @loader_path/Frameworks";
				PRODUCT_BUNDLE_IDENTIFIER = com.youngkook.OutLookersUITests;
				PRODUCT_NAME = "$(TARGET_NAME)";
				TEST_TARGET_NAME = OutLookers;
			};
			name = Debug;
		};
		E41C23051D113B9500F58250 /* Release */ = {
			isa = XCBuildConfiguration;
			baseConfigurationReference = A76DF41BCB00434792CF9666 /* Pods-OutLookersUITests.release.xcconfig */;
			buildSettings = {
				INFOPLIST_FILE = OutLookersUITests/Info.plist;
				LD_RUNPATH_SEARCH_PATHS = "$(inherited) @executable_path/Frameworks @loader_path/Frameworks";
				PRODUCT_BUNDLE_IDENTIFIER = com.youngkook.OutLookersUITests;
				PRODUCT_NAME = "$(TARGET_NAME)";
				TEST_TARGET_NAME = OutLookers;
			};
			name = Release;
		};
/* End XCBuildConfiguration section */

/* Begin XCConfigurationList section */
		E41C22D01D113B9500F58250 /* Build configuration list for PBXProject "OutLookers" */ = {
			isa = XCConfigurationList;
			buildConfigurations = (
				E41C22FB1D113B9500F58250 /* Debug */,
				E41C22FC1D113B9500F58250 /* Release */,
			);
			defaultConfigurationIsVisible = 0;
			defaultConfigurationName = Release;
		};
		E41C22FD1D113B9500F58250 /* Build configuration list for PBXNativeTarget "OutLookers" */ = {
			isa = XCConfigurationList;
			buildConfigurations = (
				E41C22FE1D113B9500F58250 /* Debug */,
				E41C22FF1D113B9500F58250 /* Release */,
			);
			defaultConfigurationIsVisible = 0;
			defaultConfigurationName = Release;
		};
		E41C23001D113B9500F58250 /* Build configuration list for PBXNativeTarget "OutLookersTests" */ = {
			isa = XCConfigurationList;
			buildConfigurations = (
				E41C23011D113B9500F58250 /* Debug */,
				E41C23021D113B9500F58250 /* Release */,
			);
			defaultConfigurationIsVisible = 0;
			defaultConfigurationName = Release;
		};
		E41C23031D113B9500F58250 /* Build configuration list for PBXNativeTarget "OutLookersUITests" */ = {
			isa = XCConfigurationList;
			buildConfigurations = (
				E41C23041D113B9500F58250 /* Debug */,
				E41C23051D113B9500F58250 /* Release */,
			);
			defaultConfigurationIsVisible = 0;
			defaultConfigurationName = Release;
		};
/* End XCConfigurationList section */
	};
	rootObject = E41C22CD1D113B9500F58250 /* Project object */;
}
